// !$*UTF8*$!
{
	archiveVersion = 1;
	classes = {
	};
	objectVersion = 55;
	objects = {

/* Begin PBXBuildFile section */
		0C1D23C3280598B200FCF9DE /* DateFormatter + Extension.swift in Sources */ = {isa = PBXBuildFile; fileRef = 0C1D23C2280598B200FCF9DE /* DateFormatter + Extension.swift */; };
		0C1D23C5280604B200FCF9DE /* LikesAddResult.swift in Sources */ = {isa = PBXBuildFile; fileRef = 0C1D23C4280604B200FCF9DE /* LikesAddResult.swift */; };
		0C1D23C728060F9400FCF9DE /* LikesNetworkService.swift in Sources */ = {isa = PBXBuildFile; fileRef = 0C1D23C628060F9400FCF9DE /* LikesNetworkService.swift */; };
		0C1D23C928061C6600FCF9DE /* LikesIsLikedResult.swift in Sources */ = {isa = PBXBuildFile; fileRef = 0C1D23C828061C6600FCF9DE /* LikesIsLikedResult.swift */; };
		0C35C2EE27F8605D00173853 /* GroupsJoinResult.swift in Sources */ = {isa = PBXBuildFile; fileRef = 0C35C2ED27F8605D00173853 /* GroupsJoinResult.swift */; };
		0C35C2F227F876F600173853 /* GroupsLeaveResult.swift in Sources */ = {isa = PBXBuildFile; fileRef = 0C35C2F127F876F600173853 /* GroupsLeaveResult.swift */; };
		0C35C2F627F8900E00173853 /* LikesControl.swift in Sources */ = {isa = PBXBuildFile; fileRef = 0C35C2F527F8900E00173853 /* LikesControl.swift */; };
		0C35C2F827F8942E00173853 /* NewsfeedNetworkService.swift in Sources */ = {isa = PBXBuildFile; fileRef = 0C35C2F727F8942E00173853 /* NewsfeedNetworkService.swift */; };
		0C35C2FA27F894CB00173853 /* NewsfeedGetResult.swift in Sources */ = {isa = PBXBuildFile; fileRef = 0C35C2F927F894CB00173853 /* NewsfeedGetResult.swift */; };
		0C35C2FC27F8AA8B00173853 /* CommentsControl.swift in Sources */ = {isa = PBXBuildFile; fileRef = 0C35C2FB27F8AA8B00173853 /* CommentsControl.swift */; };
		0C35C2FE27F8AC4400173853 /* RepostsControl.swift in Sources */ = {isa = PBXBuildFile; fileRef = 0C35C2FD27F8AC4400173853 /* RepostsControl.swift */; };
		0C35C30027F8AD0000173853 /* ViewsContentView.swift in Sources */ = {isa = PBXBuildFile; fileRef = 0C35C2FF27F8AD0000173853 /* ViewsContentView.swift */; };
		0C35C30827F8AF0B00173853 /* FooterContentView.swift in Sources */ = {isa = PBXBuildFile; fileRef = 0C35C30727F8AF0B00173853 /* FooterContentView.swift */; };
		0C35C30A27F8B66B00173853 /* HeaderContentView.swift in Sources */ = {isa = PBXBuildFile; fileRef = 0C35C30927F8B66B00173853 /* HeaderContentView.swift */; };
		0C70B419280CB10B00418471 /* String + Extension.swift in Sources */ = {isa = PBXBuildFile; fileRef = 0C70B418280CB10B00418471 /* String + Extension.swift */; };
		0C7F08062832752E004F44BF /* PromiseKit in Frameworks */ = {isa = PBXBuildFile; productRef = 0C7F08052832752E004F44BF /* PromiseKit */; };
		0C7F08092832C227004F44BF /* SDWebImage in Frameworks */ = {isa = PBXBuildFile; productRef = 0C7F08082832C227004F44BF /* SDWebImage */; };
		0C7F080B2833AF99004F44BF /* PhotoTypeCases.swift in Sources */ = {isa = PBXBuildFile; fileRef = 0C7F080A2833AF99004F44BF /* PhotoTypeCases.swift */; };
		0C83EE012811989F00A3D688 /* PhotosController.swift in Sources */ = {isa = PBXBuildFile; fileRef = 0C83EE002811989F00A3D688 /* PhotosController.swift */; };
		0C83EE0328119B1F00A3D688 /* PhotosNetworkService.swift in Sources */ = {isa = PBXBuildFile; fileRef = 0C83EE0228119B1F00A3D688 /* PhotosNetworkService.swift */; };
		0C83EE0528119CCB00A3D688 /* PhotosGetAllResult.swift in Sources */ = {isa = PBXBuildFile; fileRef = 0C83EE0428119CCB00A3D688 /* PhotosGetAllResult.swift */; };
		0C83EE072811A16700A3D688 /* PhotosCell.swift in Sources */ = {isa = PBXBuildFile; fileRef = 0C83EE062811A16700A3D688 /* PhotosCell.swift */; };
		0C83EE0E2812C49000A3D688 /* PhotosController + Extension.swift in Sources */ = {isa = PBXBuildFile; fileRef = 0C83EE0D2812C49000A3D688 /* PhotosController + Extension.swift */; };
		0C83EE122812F4BC00A3D688 /* FullScreenPhotoController.swift in Sources */ = {isa = PBXBuildFile; fileRef = 0C83EE112812F4BC00A3D688 /* FullScreenPhotoController.swift */; };
		0C83EE142812F4DA00A3D688 /* FullScreenPhotoCell.swift in Sources */ = {isa = PBXBuildFile; fileRef = 0C83EE132812F4DA00A3D688 /* FullScreenPhotoCell.swift */; };
		0C8D39C7280B12DF00C235FD /* NewsfeedController.swift in Sources */ = {isa = PBXBuildFile; fileRef = 0C8D39C6280B12DF00C235FD /* NewsfeedController.swift */; };
		0C8D39CA280B16ED00C235FD /* SourceCell.swift in Sources */ = {isa = PBXBuildFile; fileRef = 0C8D39C9280B16ED00C235FD /* SourceCell.swift */; };
		0C8D39CC280B26FB00C235FD /* SectionCellsEnum.swift in Sources */ = {isa = PBXBuildFile; fileRef = 0C8D39CB280B26FB00C235FD /* SectionCellsEnum.swift */; };
		0C8D39CF280B281800C235FD /* TextCell.swift in Sources */ = {isa = PBXBuildFile; fileRef = 0C8D39CE280B281800C235FD /* TextCell.swift */; };
		0C8D39D1280B4C6000C235FD /* InteractionsCell.swift in Sources */ = {isa = PBXBuildFile; fileRef = 0C8D39D0280B4C6000C235FD /* InteractionsCell.swift */; };
		0C8D39D3280B602400C235FD /* NewsfeedController + Extension.swift in Sources */ = {isa = PBXBuildFile; fileRef = 0C8D39D2280B602400C235FD /* NewsfeedController + Extension.swift */; };
		0C8D39D5280B7BC700C235FD /* Int + Extension.swift in Sources */ = {isa = PBXBuildFile; fileRef = 0C8D39D4280B7BC700C235FD /* Int + Extension.swift */; };
		0C9858DE280D9B3800F48B54 /* NewsfeedPhotoCell.swift in Sources */ = {isa = PBXBuildFile; fileRef = 0C9858DD280D9B3800F48B54 /* NewsfeedPhotoCell.swift */; };
		0C9CF419282A858100163F2B /* FooterCell.swift in Sources */ = {isa = PBXBuildFile; fileRef = 0C9CF418282A858100163F2B /* FooterCell.swift */; };
		0C9CF41B282BFFA500163F2B /* Errors.swift in Sources */ = {isa = PBXBuildFile; fileRef = 0C9CF41A282BFFA500163F2B /* Errors.swift */; };
		0C9CF41D282D050A00163F2B /* Networking.swift in Sources */ = {isa = PBXBuildFile; fileRef = 0C9CF41C282D050A00163F2B /* Networking.swift */; };
		0C9CF41F282D46B900163F2B /* PhotosStruct.swift in Sources */ = {isa = PBXBuildFile; fileRef = 0C9CF41E282D46B900163F2B /* PhotosStruct.swift */; };
		0C9CF421282DAD7100163F2B /* NewsfeedStruct.swift in Sources */ = {isa = PBXBuildFile; fileRef = 0C9CF420282DAD7100163F2B /* NewsfeedStruct.swift */; };
		0C9CF423282E9AC000163F2B /* FriendsController + Extension.swift in Sources */ = {isa = PBXBuildFile; fileRef = 0C9CF422282E9AC000163F2B /* FriendsController + Extension.swift */; };
		0C9CF426282E9C8A00163F2B /* FetchFriendsDataOperation.swift in Sources */ = {isa = PBXBuildFile; fileRef = 0C9CF425282E9C8A00163F2B /* FetchFriendsDataOperation.swift */; };
		0C9CF428282E9CA900163F2B /* ParseFriendsDataOperation.swift in Sources */ = {isa = PBXBuildFile; fileRef = 0C9CF427282E9CA900163F2B /* ParseFriendsDataOperation.swift */; };
		0C9CF42A282E9CBA00163F2B /* ReloadTableViewControllerOperation.swift in Sources */ = {isa = PBXBuildFile; fileRef = 0C9CF429282E9CBA00163F2B /* ReloadTableViewControllerOperation.swift */; };
		0CB5AFBC2837E61600F705CA /* FileManagerService.swift in Sources */ = {isa = PBXBuildFile; fileRef = 0CB5AFBB2837E61600F705CA /* FileManagerService.swift */; };
		0CB9321E281821FF009537AA /* FullScreenPhotoController + Extension.swift in Sources */ = {isa = PBXBuildFile; fileRef = 0CB9321D281821FF009537AA /* FullScreenPhotoController + Extension.swift */; };
		0CCD2AA7280F11B3009F61CA /* CGFloat + Extension.swift in Sources */ = {isa = PBXBuildFile; fileRef = 0CCD2AA6280F11B3009F61CA /* CGFloat + Extension.swift */; };
		0CCD2AAE280F1B01009F61CA /* GroupSearchController + Extension.swift in Sources */ = {isa = PBXBuildFile; fileRef = 0CCD2AAD280F1B01009F61CA /* GroupSearchController + Extension.swift */; };
		0CEE7A4E27F3475D0097F3C0 /* AppDelegate.swift in Sources */ = {isa = PBXBuildFile; fileRef = 0CEE7A4D27F3475D0097F3C0 /* AppDelegate.swift */; };
		0CEE7A5027F3475D0097F3C0 /* SceneDelegate.swift in Sources */ = {isa = PBXBuildFile; fileRef = 0CEE7A4F27F3475D0097F3C0 /* SceneDelegate.swift */; };
		0CEE7A5227F3475D0097F3C0 /* EntranceController.swift in Sources */ = {isa = PBXBuildFile; fileRef = 0CEE7A5127F3475D0097F3C0 /* EntranceController.swift */; };
		0CEE7A5727F3475F0097F3C0 /* Assets.xcassets in Resources */ = {isa = PBXBuildFile; fileRef = 0CEE7A5627F3475F0097F3C0 /* Assets.xcassets */; };
		0CEE7A5A27F3475F0097F3C0 /* LaunchScreen.storyboard in Resources */ = {isa = PBXBuildFile; fileRef = 0CEE7A5827F3475F0097F3C0 /* LaunchScreen.storyboard */; };
		0CEE7A6227F360A00097F3C0 /* OAuthController.swift in Sources */ = {isa = PBXBuildFile; fileRef = 0CEE7A6127F360A00097F3C0 /* OAuthController.swift */; };
		0CEE7A6427F36F070097F3C0 /* TabBarController.swift in Sources */ = {isa = PBXBuildFile; fileRef = 0CEE7A6327F36F070097F3C0 /* TabBarController.swift */; };
		0CEE7A6A27F393350097F3C0 /* OldNewsfeedController.swift in Sources */ = {isa = PBXBuildFile; fileRef = 0CEE7A6927F393350097F3C0 /* OldNewsfeedController.swift */; };
		0CEE7A6C27F396EE0097F3C0 /* FriendsController.swift in Sources */ = {isa = PBXBuildFile; fileRef = 0CEE7A6B27F396EE0097F3C0 /* FriendsController.swift */; };
		0CEE7A6E27F397C00097F3C0 /* GroupsController.swift in Sources */ = {isa = PBXBuildFile; fileRef = 0CEE7A6D27F397C00097F3C0 /* GroupsController.swift */; };
		0CEE7A7227F3A0400097F3C0 /* FriendsCell.swift in Sources */ = {isa = PBXBuildFile; fileRef = 0CEE7A7127F3A0400097F3C0 /* FriendsCell.swift */; };
		0CEE7A7527F3A3240097F3C0 /* Identifiers.swift in Sources */ = {isa = PBXBuildFile; fileRef = 0CEE7A7427F3A3240097F3C0 /* Identifiers.swift */; };
		0CEE7A7727F3A62B0097F3C0 /* GroupsCell.swift in Sources */ = {isa = PBXBuildFile; fileRef = 0CEE7A7627F3A62B0097F3C0 /* GroupsCell.swift */; };
		0CEE7A7927F45A2B0097F3C0 /* NewsfeedCell.swift in Sources */ = {isa = PBXBuildFile; fileRef = 0CEE7A7827F45A2B0097F3C0 /* NewsfeedCell.swift */; };
		0CEE7A8227F462B00097F3C0 /* Session.swift in Sources */ = {isa = PBXBuildFile; fileRef = 0CEE7A8127F462B00097F3C0 /* Session.swift */; };
		0CEE7A8927F5CE460097F3C0 /* GroupsGetResult.swift in Sources */ = {isa = PBXBuildFile; fileRef = 0CEE7A8827F5CE460097F3C0 /* GroupsGetResult.swift */; };
		0CEE7A8B27F5CF4B0097F3C0 /* GroupsNetworkService.swift in Sources */ = {isa = PBXBuildFile; fileRef = 0CEE7A8A27F5CF4B0097F3C0 /* GroupsNetworkService.swift */; };
		0CEE7A8D27F607CC0097F3C0 /* FriendsNetworkService.swift in Sources */ = {isa = PBXBuildFile; fileRef = 0CEE7A8C27F607CC0097F3C0 /* FriendsNetworkService.swift */; };
		0CEE7A8F27F607DD0097F3C0 /* FriendsGetResult.swift in Sources */ = {isa = PBXBuildFile; fileRef = 0CEE7A8E27F607DD0097F3C0 /* FriendsGetResult.swift */; };
		0CEE7A9127F63CF90097F3C0 /* GroupsSearchController.swift in Sources */ = {isa = PBXBuildFile; fileRef = 0CEE7A9027F63CF90097F3C0 /* GroupsSearchController.swift */; };
		0CEE7A9327F6440D0097F3C0 /* GroupsSearchResult.swift in Sources */ = {isa = PBXBuildFile; fileRef = 0CEE7A9227F6440D0097F3C0 /* GroupsSearchResult.swift */; };
		0CEE7A9527F644BE0097F3C0 /* EntranceController + Extension.swift in Sources */ = {isa = PBXBuildFile; fileRef = 0CEE7A9427F644BE0097F3C0 /* EntranceController + Extension.swift */; };
/* End PBXBuildFile section */

/* Begin PBXFileReference section */
		0C1D23C2280598B200FCF9DE /* DateFormatter + Extension.swift */ = {isa = PBXFileReference; lastKnownFileType = sourcecode.swift; path = "DateFormatter + Extension.swift"; sourceTree = "<group>"; };
		0C1D23C4280604B200FCF9DE /* LikesAddResult.swift */ = {isa = PBXFileReference; lastKnownFileType = sourcecode.swift; path = LikesAddResult.swift; sourceTree = "<group>"; };
		0C1D23C628060F9400FCF9DE /* LikesNetworkService.swift */ = {isa = PBXFileReference; lastKnownFileType = sourcecode.swift; path = LikesNetworkService.swift; sourceTree = "<group>"; };
		0C1D23C828061C6600FCF9DE /* LikesIsLikedResult.swift */ = {isa = PBXFileReference; lastKnownFileType = sourcecode.swift; path = LikesIsLikedResult.swift; sourceTree = "<group>"; };
		0C35C2ED27F8605D00173853 /* GroupsJoinResult.swift */ = {isa = PBXFileReference; lastKnownFileType = sourcecode.swift; path = GroupsJoinResult.swift; sourceTree = "<group>"; };
		0C35C2F127F876F600173853 /* GroupsLeaveResult.swift */ = {isa = PBXFileReference; lastKnownFileType = sourcecode.swift; path = GroupsLeaveResult.swift; sourceTree = "<group>"; };
		0C35C2F527F8900E00173853 /* LikesControl.swift */ = {isa = PBXFileReference; lastKnownFileType = sourcecode.swift; path = LikesControl.swift; sourceTree = "<group>"; };
		0C35C2F727F8942E00173853 /* NewsfeedNetworkService.swift */ = {isa = PBXFileReference; lastKnownFileType = sourcecode.swift; path = NewsfeedNetworkService.swift; sourceTree = "<group>"; };
		0C35C2F927F894CB00173853 /* NewsfeedGetResult.swift */ = {isa = PBXFileReference; lastKnownFileType = sourcecode.swift; path = NewsfeedGetResult.swift; sourceTree = "<group>"; };
		0C35C2FB27F8AA8B00173853 /* CommentsControl.swift */ = {isa = PBXFileReference; lastKnownFileType = sourcecode.swift; path = CommentsControl.swift; sourceTree = "<group>"; };
		0C35C2FD27F8AC4400173853 /* RepostsControl.swift */ = {isa = PBXFileReference; lastKnownFileType = sourcecode.swift; path = RepostsControl.swift; sourceTree = "<group>"; };
		0C35C2FF27F8AD0000173853 /* ViewsContentView.swift */ = {isa = PBXFileReference; lastKnownFileType = sourcecode.swift; path = ViewsContentView.swift; sourceTree = "<group>"; };
		0C35C30727F8AF0B00173853 /* FooterContentView.swift */ = {isa = PBXFileReference; lastKnownFileType = sourcecode.swift; path = FooterContentView.swift; sourceTree = "<group>"; };
		0C35C30927F8B66B00173853 /* HeaderContentView.swift */ = {isa = PBXFileReference; lastKnownFileType = sourcecode.swift; path = HeaderContentView.swift; sourceTree = "<group>"; };
		0C70B418280CB10B00418471 /* String + Extension.swift */ = {isa = PBXFileReference; lastKnownFileType = sourcecode.swift; path = "String + Extension.swift"; sourceTree = "<group>"; };
		0C7F080A2833AF99004F44BF /* PhotoTypeCases.swift */ = {isa = PBXFileReference; lastKnownFileType = sourcecode.swift; path = PhotoTypeCases.swift; sourceTree = "<group>"; };
		0C83EE002811989F00A3D688 /* PhotosController.swift */ = {isa = PBXFileReference; lastKnownFileType = sourcecode.swift; path = PhotosController.swift; sourceTree = "<group>"; };
		0C83EE0228119B1F00A3D688 /* PhotosNetworkService.swift */ = {isa = PBXFileReference; lastKnownFileType = sourcecode.swift; path = PhotosNetworkService.swift; sourceTree = "<group>"; };
		0C83EE0428119CCB00A3D688 /* PhotosGetAllResult.swift */ = {isa = PBXFileReference; lastKnownFileType = sourcecode.swift; path = PhotosGetAllResult.swift; sourceTree = "<group>"; };
		0C83EE062811A16700A3D688 /* PhotosCell.swift */ = {isa = PBXFileReference; lastKnownFileType = sourcecode.swift; path = PhotosCell.swift; sourceTree = "<group>"; };
		0C83EE0D2812C49000A3D688 /* PhotosController + Extension.swift */ = {isa = PBXFileReference; lastKnownFileType = sourcecode.swift; path = "PhotosController + Extension.swift"; sourceTree = "<group>"; };
		0C83EE112812F4BC00A3D688 /* FullScreenPhotoController.swift */ = {isa = PBXFileReference; lastKnownFileType = sourcecode.swift; path = FullScreenPhotoController.swift; sourceTree = "<group>"; };
		0C83EE132812F4DA00A3D688 /* FullScreenPhotoCell.swift */ = {isa = PBXFileReference; lastKnownFileType = sourcecode.swift; path = FullScreenPhotoCell.swift; sourceTree = "<group>"; };
		0C8D39C6280B12DF00C235FD /* NewsfeedController.swift */ = {isa = PBXFileReference; lastKnownFileType = sourcecode.swift; path = NewsfeedController.swift; sourceTree = "<group>"; };
		0C8D39C9280B16ED00C235FD /* SourceCell.swift */ = {isa = PBXFileReference; lastKnownFileType = sourcecode.swift; path = SourceCell.swift; sourceTree = "<group>"; };
		0C8D39CB280B26FB00C235FD /* SectionCellsEnum.swift */ = {isa = PBXFileReference; lastKnownFileType = sourcecode.swift; path = SectionCellsEnum.swift; sourceTree = "<group>"; };
		0C8D39CE280B281800C235FD /* TextCell.swift */ = {isa = PBXFileReference; lastKnownFileType = sourcecode.swift; path = TextCell.swift; sourceTree = "<group>"; };
		0C8D39D0280B4C6000C235FD /* InteractionsCell.swift */ = {isa = PBXFileReference; lastKnownFileType = sourcecode.swift; path = InteractionsCell.swift; sourceTree = "<group>"; };
		0C8D39D2280B602400C235FD /* NewsfeedController + Extension.swift */ = {isa = PBXFileReference; lastKnownFileType = sourcecode.swift; path = "NewsfeedController + Extension.swift"; sourceTree = "<group>"; };
		0C8D39D4280B7BC700C235FD /* Int + Extension.swift */ = {isa = PBXFileReference; lastKnownFileType = sourcecode.swift; path = "Int + Extension.swift"; sourceTree = "<group>"; };
		0C9858DD280D9B3800F48B54 /* NewsfeedPhotoCell.swift */ = {isa = PBXFileReference; lastKnownFileType = sourcecode.swift; path = NewsfeedPhotoCell.swift; sourceTree = "<group>"; };
		0C9CF418282A858100163F2B /* FooterCell.swift */ = {isa = PBXFileReference; lastKnownFileType = sourcecode.swift; path = FooterCell.swift; sourceTree = "<group>"; };
		0C9CF41A282BFFA500163F2B /* Errors.swift */ = {isa = PBXFileReference; lastKnownFileType = sourcecode.swift; path = Errors.swift; sourceTree = "<group>"; };
		0C9CF41C282D050A00163F2B /* Networking.swift */ = {isa = PBXFileReference; lastKnownFileType = sourcecode.swift; path = Networking.swift; sourceTree = "<group>"; };
		0C9CF41E282D46B900163F2B /* PhotosStruct.swift */ = {isa = PBXFileReference; lastKnownFileType = sourcecode.swift; path = PhotosStruct.swift; sourceTree = "<group>"; };
		0C9CF420282DAD7100163F2B /* NewsfeedStruct.swift */ = {isa = PBXFileReference; lastKnownFileType = sourcecode.swift; path = NewsfeedStruct.swift; sourceTree = "<group>"; };
		0C9CF422282E9AC000163F2B /* FriendsController + Extension.swift */ = {isa = PBXFileReference; lastKnownFileType = sourcecode.swift; path = "FriendsController + Extension.swift"; sourceTree = "<group>"; };
		0C9CF425282E9C8A00163F2B /* FetchFriendsDataOperation.swift */ = {isa = PBXFileReference; lastKnownFileType = sourcecode.swift; path = FetchFriendsDataOperation.swift; sourceTree = "<group>"; };
		0C9CF427282E9CA900163F2B /* ParseFriendsDataOperation.swift */ = {isa = PBXFileReference; lastKnownFileType = sourcecode.swift; path = ParseFriendsDataOperation.swift; sourceTree = "<group>"; };
		0C9CF429282E9CBA00163F2B /* ReloadTableViewControllerOperation.swift */ = {isa = PBXFileReference; lastKnownFileType = sourcecode.swift; path = ReloadTableViewControllerOperation.swift; sourceTree = "<group>"; };
		0CB5AFBB2837E61600F705CA /* FileManagerService.swift */ = {isa = PBXFileReference; lastKnownFileType = sourcecode.swift; path = FileManagerService.swift; sourceTree = "<group>"; };
		0CB9321D281821FF009537AA /* FullScreenPhotoController + Extension.swift */ = {isa = PBXFileReference; lastKnownFileType = sourcecode.swift; path = "FullScreenPhotoController + Extension.swift"; sourceTree = "<group>"; };
		0CCD2AA6280F11B3009F61CA /* CGFloat + Extension.swift */ = {isa = PBXFileReference; lastKnownFileType = sourcecode.swift; path = "CGFloat + Extension.swift"; sourceTree = "<group>"; };
		0CCD2AAD280F1B01009F61CA /* GroupSearchController + Extension.swift */ = {isa = PBXFileReference; lastKnownFileType = sourcecode.swift; path = "GroupSearchController + Extension.swift"; sourceTree = "<group>"; };
		0CEE7A4A27F3475D0097F3C0 /* VK App.app */ = {isa = PBXFileReference; explicitFileType = wrapper.application; includeInIndex = 0; path = "VK App.app"; sourceTree = BUILT_PRODUCTS_DIR; };
		0CEE7A4D27F3475D0097F3C0 /* AppDelegate.swift */ = {isa = PBXFileReference; lastKnownFileType = sourcecode.swift; path = AppDelegate.swift; sourceTree = "<group>"; };
		0CEE7A4F27F3475D0097F3C0 /* SceneDelegate.swift */ = {isa = PBXFileReference; lastKnownFileType = sourcecode.swift; path = SceneDelegate.swift; sourceTree = "<group>"; };
		0CEE7A5127F3475D0097F3C0 /* EntranceController.swift */ = {isa = PBXFileReference; lastKnownFileType = sourcecode.swift; path = EntranceController.swift; sourceTree = "<group>"; };
		0CEE7A5627F3475F0097F3C0 /* Assets.xcassets */ = {isa = PBXFileReference; lastKnownFileType = folder.assetcatalog; path = Assets.xcassets; sourceTree = "<group>"; };
		0CEE7A5927F3475F0097F3C0 /* Base */ = {isa = PBXFileReference; lastKnownFileType = file.storyboard; name = Base; path = Base.lproj/LaunchScreen.storyboard; sourceTree = "<group>"; };
		0CEE7A5B27F3475F0097F3C0 /* Info.plist */ = {isa = PBXFileReference; lastKnownFileType = text.plist.xml; path = Info.plist; sourceTree = "<group>"; };
		0CEE7A6127F360A00097F3C0 /* OAuthController.swift */ = {isa = PBXFileReference; lastKnownFileType = sourcecode.swift; path = OAuthController.swift; sourceTree = "<group>"; };
		0CEE7A6327F36F070097F3C0 /* TabBarController.swift */ = {isa = PBXFileReference; lastKnownFileType = sourcecode.swift; path = TabBarController.swift; sourceTree = "<group>"; };
		0CEE7A6927F393350097F3C0 /* OldNewsfeedController.swift */ = {isa = PBXFileReference; lastKnownFileType = sourcecode.swift; path = OldNewsfeedController.swift; sourceTree = "<group>"; };
		0CEE7A6B27F396EE0097F3C0 /* FriendsController.swift */ = {isa = PBXFileReference; lastKnownFileType = sourcecode.swift; path = FriendsController.swift; sourceTree = "<group>"; };
		0CEE7A6D27F397C00097F3C0 /* GroupsController.swift */ = {isa = PBXFileReference; lastKnownFileType = sourcecode.swift; path = GroupsController.swift; sourceTree = "<group>"; };
		0CEE7A7127F3A0400097F3C0 /* FriendsCell.swift */ = {isa = PBXFileReference; lastKnownFileType = sourcecode.swift; path = FriendsCell.swift; sourceTree = "<group>"; };
		0CEE7A7427F3A3240097F3C0 /* Identifiers.swift */ = {isa = PBXFileReference; lastKnownFileType = sourcecode.swift; path = Identifiers.swift; sourceTree = "<group>"; };
		0CEE7A7627F3A62B0097F3C0 /* GroupsCell.swift */ = {isa = PBXFileReference; lastKnownFileType = sourcecode.swift; path = GroupsCell.swift; sourceTree = "<group>"; };
		0CEE7A7827F45A2B0097F3C0 /* NewsfeedCell.swift */ = {isa = PBXFileReference; lastKnownFileType = sourcecode.swift; path = NewsfeedCell.swift; sourceTree = "<group>"; };
		0CEE7A8127F462B00097F3C0 /* Session.swift */ = {isa = PBXFileReference; lastKnownFileType = sourcecode.swift; path = Session.swift; sourceTree = "<group>"; };
		0CEE7A8827F5CE460097F3C0 /* GroupsGetResult.swift */ = {isa = PBXFileReference; lastKnownFileType = sourcecode.swift; path = GroupsGetResult.swift; sourceTree = "<group>"; };
		0CEE7A8A27F5CF4B0097F3C0 /* GroupsNetworkService.swift */ = {isa = PBXFileReference; lastKnownFileType = sourcecode.swift; path = GroupsNetworkService.swift; sourceTree = "<group>"; };
		0CEE7A8C27F607CC0097F3C0 /* FriendsNetworkService.swift */ = {isa = PBXFileReference; lastKnownFileType = sourcecode.swift; path = FriendsNetworkService.swift; sourceTree = "<group>"; };
		0CEE7A8E27F607DD0097F3C0 /* FriendsGetResult.swift */ = {isa = PBXFileReference; lastKnownFileType = sourcecode.swift; path = FriendsGetResult.swift; sourceTree = "<group>"; };
		0CEE7A9027F63CF90097F3C0 /* GroupsSearchController.swift */ = {isa = PBXFileReference; lastKnownFileType = sourcecode.swift; path = GroupsSearchController.swift; sourceTree = "<group>"; };
		0CEE7A9227F6440D0097F3C0 /* GroupsSearchResult.swift */ = {isa = PBXFileReference; lastKnownFileType = sourcecode.swift; path = GroupsSearchResult.swift; sourceTree = "<group>"; };
		0CEE7A9427F644BE0097F3C0 /* EntranceController + Extension.swift */ = {isa = PBXFileReference; lastKnownFileType = sourcecode.swift; path = "EntranceController + Extension.swift"; sourceTree = "<group>"; };
/* End PBXFileReference section */

/* Begin PBXFrameworksBuildPhase section */
		0CEE7A4727F3475D0097F3C0 /* Frameworks */ = {
			isa = PBXFrameworksBuildPhase;
			buildActionMask = 2147483647;
			files = (
				0C7F08092832C227004F44BF /* SDWebImage in Frameworks */,
				0C7F08062832752E004F44BF /* PromiseKit in Frameworks */,
			);
			runOnlyForDeploymentPostprocessing = 0;
		};
/* End PBXFrameworksBuildPhase section */

/* Begin PBXGroup section */
		0C35C30127F8AE0F00173853 /* Old NewsfeedCell */ = {
			isa = PBXGroup;
			children = (
				0CEE7A7827F45A2B0097F3C0 /* NewsfeedCell.swift */,
				0C35C30327F8AE4500173853 /* Footer Content View */,
				0C35C30227F8AE2600173853 /* Header Content View */,
			);
			path = "Old NewsfeedCell";
			sourceTree = "<group>";
		};
		0C35C30227F8AE2600173853 /* Header Content View */ = {
			isa = PBXGroup;
			children = (
				0C35C30927F8B66B00173853 /* HeaderContentView.swift */,
			);
			path = "Header Content View";
			sourceTree = "<group>";
		};
		0C35C30327F8AE4500173853 /* Footer Content View */ = {
			isa = PBXGroup;
			children = (
				0C35C30727F8AF0B00173853 /* FooterContentView.swift */,
			);
			path = "Footer Content View";
			sourceTree = "<group>";
		};
		0C64220A280AEF22003A2E13 /* Resources */ = {
			isa = PBXGroup;
			children = (
				0CEE7A5B27F3475F0097F3C0 /* Info.plist */,
				0CEE7A5627F3475F0097F3C0 /* Assets.xcassets */,
				0CEE7A5827F3475F0097F3C0 /* LaunchScreen.storyboard */,
			);
			path = Resources;
			sourceTree = "<group>";
		};
		0C70B417280C1ADB00418471 /* Interactions components */ = {
			isa = PBXGroup;
			children = (
				0C35C2F527F8900E00173853 /* LikesControl.swift */,
				0C35C2FB27F8AA8B00173853 /* CommentsControl.swift */,
				0C35C2FD27F8AC4400173853 /* RepostsControl.swift */,
				0C35C2FF27F8AD0000173853 /* ViewsContentView.swift */,
			);
			path = "Interactions components";
			sourceTree = "<group>";
		};
		0C70B41A280CCF9300418471 /* Groups */ = {
			isa = PBXGroup;
			children = (
				0C70B41B280CCFA500418471 /* Groups */,
				0C70B41C280CCFAE00418471 /* GroupsSearch */,
				0CEE7A7627F3A62B0097F3C0 /* GroupsCell.swift */,
			);
			path = Groups;
			sourceTree = "<group>";
		};
		0C70B41B280CCFA500418471 /* Groups */ = {
			isa = PBXGroup;
			children = (
				0CEE7A6D27F397C00097F3C0 /* GroupsController.swift */,
			);
			path = Groups;
			sourceTree = "<group>";
		};
		0C70B41C280CCFAE00418471 /* GroupsSearch */ = {
			isa = PBXGroup;
			children = (
				0CEE7A9027F63CF90097F3C0 /* GroupsSearchController.swift */,
				0CCD2AAD280F1B01009F61CA /* GroupSearchController + Extension.swift */,
			);
			path = GroupsSearch;
			sourceTree = "<group>";
		};
		0C83EDFF281197F200A3D688 /* Photos */ = {
			isa = PBXGroup;
			children = (
				0C83EE0F2812F3DD00A3D688 /* AllPhotos */,
				0C83EE102812F40B00A3D688 /* FullScreenPhoto */,
				0C9CF41E282D46B900163F2B /* PhotosStruct.swift */,
				0C7F080A2833AF99004F44BF /* PhotoTypeCases.swift */,
			);
			path = Photos;
			sourceTree = "<group>";
		};
		0C83EE082812A03E00A3D688 /* Friends */ = {
			isa = PBXGroup;
			children = (
				0CEE7A8E27F607DD0097F3C0 /* FriendsGetResult.swift */,
			);
			path = Friends;
			sourceTree = "<group>";
		};
		0C83EE092812A04C00A3D688 /* Groups */ = {
			isa = PBXGroup;
			children = (
				0CEE7A8827F5CE460097F3C0 /* GroupsGetResult.swift */,
				0C35C2ED27F8605D00173853 /* GroupsJoinResult.swift */,
				0C35C2F127F876F600173853 /* GroupsLeaveResult.swift */,
				0CEE7A9227F6440D0097F3C0 /* GroupsSearchResult.swift */,
			);
			path = Groups;
			sourceTree = "<group>";
		};
		0C83EE0A2812A06300A3D688 /* Newsfeed */ = {
			isa = PBXGroup;
			children = (
				0C35C2F927F894CB00173853 /* NewsfeedGetResult.swift */,
			);
			path = Newsfeed;
			sourceTree = "<group>";
		};
		0C83EE0B2812A06F00A3D688 /* Likes */ = {
			isa = PBXGroup;
			children = (
				0C1D23C4280604B200FCF9DE /* LikesAddResult.swift */,
				0C1D23C828061C6600FCF9DE /* LikesIsLikedResult.swift */,
			);
			path = Likes;
			sourceTree = "<group>";
		};
		0C83EE0C2812A07D00A3D688 /* Photos */ = {
			isa = PBXGroup;
			children = (
				0C83EE0428119CCB00A3D688 /* PhotosGetAllResult.swift */,
			);
			path = Photos;
			sourceTree = "<group>";
		};
		0C83EE0F2812F3DD00A3D688 /* AllPhotos */ = {
			isa = PBXGroup;
			children = (
				0C83EE002811989F00A3D688 /* PhotosController.swift */,
				0C83EE0D2812C49000A3D688 /* PhotosController + Extension.swift */,
				0C83EE062811A16700A3D688 /* PhotosCell.swift */,
			);
			path = AllPhotos;
			sourceTree = "<group>";
		};
		0C83EE102812F40B00A3D688 /* FullScreenPhoto */ = {
			isa = PBXGroup;
			children = (
				0C83EE112812F4BC00A3D688 /* FullScreenPhotoController.swift */,
				0CB9321D281821FF009537AA /* FullScreenPhotoController + Extension.swift */,
				0C83EE132812F4DA00A3D688 /* FullScreenPhotoCell.swift */,
			);
			path = FullScreenPhoto;
			sourceTree = "<group>";
		};
		0C83EE1528131BAC00A3D688 /* Navigation */ = {
			isa = PBXGroup;
			children = (
				0CCD2AAC280F1749009F61CA /* TabBar */,
			);
			path = Navigation;
			sourceTree = "<group>";
		};
		0C8D39C8280B14B200C235FD /* Newsfeed */ = {
			isa = PBXGroup;
			children = (
				0C8D39C6280B12DF00C235FD /* NewsfeedController.swift */,
				0C8D39D2280B602400C235FD /* NewsfeedController + Extension.swift */,
				0C8D39CB280B26FB00C235FD /* SectionCellsEnum.swift */,
				0C9CF420282DAD7100163F2B /* NewsfeedStruct.swift */,
				0C8D39CD280B270E00C235FD /* Cells */,
			);
			path = Newsfeed;
			sourceTree = "<group>";
		};
		0C8D39CD280B270E00C235FD /* Cells */ = {
			isa = PBXGroup;
			children = (
				0C8D39C9280B16ED00C235FD /* SourceCell.swift */,
				0C8D39CE280B281800C235FD /* TextCell.swift */,
				0C9858DD280D9B3800F48B54 /* NewsfeedPhotoCell.swift */,
				0C8D39D0280B4C6000C235FD /* InteractionsCell.swift */,
				0C70B417280C1ADB00418471 /* Interactions components */,
				0C9CF418282A858100163F2B /* FooterCell.swift */,
			);
			path = Cells;
			sourceTree = "<group>";
		};
		0C9CF424282E9C5600163F2B /* Operations */ = {
			isa = PBXGroup;
			children = (
				0C9CF425282E9C8A00163F2B /* FetchFriendsDataOperation.swift */,
				0C9CF427282E9CA900163F2B /* ParseFriendsDataOperation.swift */,
				0C9CF429282E9CBA00163F2B /* ReloadTableViewControllerOperation.swift */,
			);
			path = Operations;
			sourceTree = "<group>";
		};
		0CCD2AA8280F16B3009F61CA /* Friends */ = {
			isa = PBXGroup;
			children = (
				0CEE7A6B27F396EE0097F3C0 /* FriendsController.swift */,
				0C9CF422282E9AC000163F2B /* FriendsController + Extension.swift */,
				0CEE7A7127F3A0400097F3C0 /* FriendsCell.swift */,
			);
			path = Friends;
			sourceTree = "<group>";
		};
		0CCD2AA9280F16D0009F61CA /* Entrance */ = {
			isa = PBXGroup;
			children = (
				0CEE7A5127F3475D0097F3C0 /* EntranceController.swift */,
				0CEE7A9427F644BE0097F3C0 /* EntranceController + Extension.swift */,
			);
			path = Entrance;
			sourceTree = "<group>";
		};
		0CCD2AAA280F16E5009F61CA /* Old Files */ = {
			isa = PBXGroup;
			children = (
				0C35C30127F8AE0F00173853 /* Old NewsfeedCell */,
				0CEE7A6927F393350097F3C0 /* OldNewsfeedController.swift */,
			);
			path = "Old Files";
			sourceTree = "<group>";
		};
		0CCD2AAB280F1737009F61CA /* OAuth */ = {
			isa = PBXGroup;
			children = (
				0CEE7A6127F360A00097F3C0 /* OAuthController.swift */,
			);
			path = OAuth;
			sourceTree = "<group>";
		};
		0CCD2AAC280F1749009F61CA /* TabBar */ = {
			isa = PBXGroup;
			children = (
				0CEE7A6327F36F070097F3C0 /* TabBarController.swift */,
			);
			path = TabBar;
			sourceTree = "<group>";
		};
		0CEE7A4127F3475D0097F3C0 = {
			isa = PBXGroup;
			children = (
				0CEE7A4C27F3475D0097F3C0 /* VK App */,
				0CEE7A4B27F3475D0097F3C0 /* Products */,
			);
			sourceTree = "<group>";
		};
		0CEE7A4B27F3475D0097F3C0 /* Products */ = {
			isa = PBXGroup;
			children = (
				0CEE7A4A27F3475D0097F3C0 /* VK App.app */,
			);
			name = Products;
			sourceTree = "<group>";
		};
		0CEE7A4C27F3475D0097F3C0 /* VK App */ = {
			isa = PBXGroup;
			children = (
				0CEE7A6627F392B80097F3C0 /* Core */,
				0CEE7A6527F3915E0097F3C0 /* Screens */,
				0CEE7A7A27F45E090097F3C0 /* Model */,
				0C83EE1528131BAC00A3D688 /* Navigation */,
				0CEE7A7327F3A1700097F3C0 /* Extensions */,
				0C64220A280AEF22003A2E13 /* Resources */,
				0CCD2AAA280F16E5009F61CA /* Old Files */,
			);
			path = "VK App";
			sourceTree = "<group>";
		};
		0CEE7A6527F3915E0097F3C0 /* Screens */ = {
			isa = PBXGroup;
			children = (
				0CCD2AA9280F16D0009F61CA /* Entrance */,
				0CCD2AAB280F1737009F61CA /* OAuth */,
				0C8D39C8280B14B200C235FD /* Newsfeed */,
				0CCD2AA8280F16B3009F61CA /* Friends */,
				0C70B41A280CCF9300418471 /* Groups */,
				0C83EDFF281197F200A3D688 /* Photos */,
			);
			path = Screens;
			sourceTree = "<group>";
		};
		0CEE7A6627F392B80097F3C0 /* Core */ = {
			isa = PBXGroup;
			children = (
				0CEE7A4D27F3475D0097F3C0 /* AppDelegate.swift */,
				0CEE7A4F27F3475D0097F3C0 /* SceneDelegate.swift */,
			);
			path = Core;
			sourceTree = "<group>";
		};
		0CEE7A7327F3A1700097F3C0 /* Extensions */ = {
			isa = PBXGroup;
			children = (
				0CCD2AA6280F11B3009F61CA /* CGFloat + Extension.swift */,
				0C1D23C2280598B200FCF9DE /* DateFormatter + Extension.swift */,
				0C8D39D4280B7BC700C235FD /* Int + Extension.swift */,
				0C70B418280CB10B00418471 /* String + Extension.swift */,
			);
			path = Extensions;
			sourceTree = "<group>";
		};
		0CEE7A7A27F45E090097F3C0 /* Model */ = {
			isa = PBXGroup;
			children = (
				0CB5AFBB2837E61600F705CA /* FileManagerService.swift */,
				0CEE7A7D27F45E610097F3C0 /* NetworkSevice */,
				0CEE7A7E27F45E8C0097F3C0 /* Responses */,
				0CEE7A8127F462B00097F3C0 /* Session.swift */,
				0CEE7A7427F3A3240097F3C0 /* Identifiers.swift */,
				0C9CF41A282BFFA500163F2B /* Errors.swift */,
			);
			path = Model;
			sourceTree = "<group>";
		};
		0CEE7A7D27F45E610097F3C0 /* NetworkSevice */ = {
			isa = PBXGroup;
			children = (
				0C9CF424282E9C5600163F2B /* Operations */,
				0CEE7A8C27F607CC0097F3C0 /* FriendsNetworkService.swift */,
				0CEE7A8A27F5CF4B0097F3C0 /* GroupsNetworkService.swift */,
				0C35C2F727F8942E00173853 /* NewsfeedNetworkService.swift */,
				0C1D23C628060F9400FCF9DE /* LikesNetworkService.swift */,
				0C83EE0228119B1F00A3D688 /* PhotosNetworkService.swift */,
				0C9CF41C282D050A00163F2B /* Networking.swift */,
			);
			path = NetworkSevice;
			sourceTree = "<group>";
		};
		0CEE7A7E27F45E8C0097F3C0 /* Responses */ = {
			isa = PBXGroup;
			children = (
				0C83EE082812A03E00A3D688 /* Friends */,
				0C83EE092812A04C00A3D688 /* Groups */,
				0C83EE0A2812A06300A3D688 /* Newsfeed */,
				0C83EE0B2812A06F00A3D688 /* Likes */,
				0C83EE0C2812A07D00A3D688 /* Photos */,
			);
			path = Responses;
			sourceTree = "<group>";
		};
/* End PBXGroup section */

/* Begin PBXNativeTarget section */
		0CEE7A4927F3475D0097F3C0 /* VK App */ = {
			isa = PBXNativeTarget;
			buildConfigurationList = 0CEE7A5E27F3475F0097F3C0 /* Build configuration list for PBXNativeTarget "VK App" */;
			buildPhases = (
				0CEE7A4627F3475D0097F3C0 /* Sources */,
				0CEE7A4727F3475D0097F3C0 /* Frameworks */,
				0CEE7A4827F3475D0097F3C0 /* Resources */,
			);
			buildRules = (
			);
			dependencies = (
			);
			name = "VK App";
			packageProductDependencies = (
				0C7F08052832752E004F44BF /* PromiseKit */,
				0C7F08082832C227004F44BF /* SDWebImage */,
			);
			productName = "VK App";
			productReference = 0CEE7A4A27F3475D0097F3C0 /* VK App.app */;
			productType = "com.apple.product-type.application";
		};
/* End PBXNativeTarget section */

/* Begin PBXProject section */
		0CEE7A4227F3475D0097F3C0 /* Project object */ = {
			isa = PBXProject;
			attributes = {
				BuildIndependentTargetsInParallel = 1;
				LastSwiftUpdateCheck = 1330;
				LastUpgradeCheck = 1330;
				TargetAttributes = {
					0CEE7A4927F3475D0097F3C0 = {
						CreatedOnToolsVersion = 13.3;
					};
				};
			};
			buildConfigurationList = 0CEE7A4527F3475D0097F3C0 /* Build configuration list for PBXProject "VK App" */;
			compatibilityVersion = "Xcode 13.0";
			developmentRegion = en;
			hasScannedForEncodings = 0;
			knownRegions = (
				en,
				Base,
			);
			mainGroup = 0CEE7A4127F3475D0097F3C0;
			packageReferences = (
				0C7F08042832752E004F44BF /* XCRemoteSwiftPackageReference "PromiseKit" */,
				0C7F08072832C227004F44BF /* XCRemoteSwiftPackageReference "SDWebImage" */,
			);
			productRefGroup = 0CEE7A4B27F3475D0097F3C0 /* Products */;
			projectDirPath = "";
			projectRoot = "";
			targets = (
				0CEE7A4927F3475D0097F3C0 /* VK App */,
			);
		};
/* End PBXProject section */

/* Begin PBXResourcesBuildPhase section */
		0CEE7A4827F3475D0097F3C0 /* Resources */ = {
			isa = PBXResourcesBuildPhase;
			buildActionMask = 2147483647;
			files = (
				0CEE7A5A27F3475F0097F3C0 /* LaunchScreen.storyboard in Resources */,
				0CEE7A5727F3475F0097F3C0 /* Assets.xcassets in Resources */,
			);
			runOnlyForDeploymentPostprocessing = 0;
		};
/* End PBXResourcesBuildPhase section */

/* Begin PBXSourcesBuildPhase section */
		0CEE7A4627F3475D0097F3C0 /* Sources */ = {
			isa = PBXSourcesBuildPhase;
			buildActionMask = 2147483647;
			files = (
				0C83EE0328119B1F00A3D688 /* PhotosNetworkService.swift in Sources */,
				0CEE7A9527F644BE0097F3C0 /* EntranceController + Extension.swift in Sources */,
				0C35C2EE27F8605D00173853 /* GroupsJoinResult.swift in Sources */,
				0CEE7A9127F63CF90097F3C0 /* GroupsSearchController.swift in Sources */,
				0C83EE0E2812C49000A3D688 /* PhotosController + Extension.swift in Sources */,
				0C8D39CC280B26FB00C235FD /* SectionCellsEnum.swift in Sources */,
				0C83EE012811989F00A3D688 /* PhotosController.swift in Sources */,
				0C8D39D1280B4C6000C235FD /* InteractionsCell.swift in Sources */,
				0C35C2FE27F8AC4400173853 /* RepostsControl.swift in Sources */,
				0CB5AFBC2837E61600F705CA /* FileManagerService.swift in Sources */,
				0C8D39CA280B16ED00C235FD /* SourceCell.swift in Sources */,
				0C9CF426282E9C8A00163F2B /* FetchFriendsDataOperation.swift in Sources */,
				0CEE7A6A27F393350097F3C0 /* OldNewsfeedController.swift in Sources */,
				0CEE7A7227F3A0400097F3C0 /* FriendsCell.swift in Sources */,
				0CEE7A5227F3475D0097F3C0 /* EntranceController.swift in Sources */,
				0C35C2F227F876F600173853 /* GroupsLeaveResult.swift in Sources */,
				0C35C2FC27F8AA8B00173853 /* CommentsControl.swift in Sources */,
				0C8D39D3280B602400C235FD /* NewsfeedController + Extension.swift in Sources */,
				0C1D23C5280604B200FCF9DE /* LikesAddResult.swift in Sources */,
				0C9CF423282E9AC000163F2B /* FriendsController + Extension.swift in Sources */,
				0C1D23C928061C6600FCF9DE /* LikesIsLikedResult.swift in Sources */,
				0CEE7A6227F360A00097F3C0 /* OAuthController.swift in Sources */,
				0C9CF41F282D46B900163F2B /* PhotosStruct.swift in Sources */,
				0C9CF41B282BFFA500163F2B /* Errors.swift in Sources */,
				0C8D39C7280B12DF00C235FD /* NewsfeedController.swift in Sources */,
				0C1D23C3280598B200FCF9DE /* DateFormatter + Extension.swift in Sources */,
				0C70B419280CB10B00418471 /* String + Extension.swift in Sources */,
				0CB9321E281821FF009537AA /* FullScreenPhotoController + Extension.swift in Sources */,
				0C9CF428282E9CA900163F2B /* ParseFriendsDataOperation.swift in Sources */,
				0CEE7A8227F462B00097F3C0 /* Session.swift in Sources */,
				0CEE7A7727F3A62B0097F3C0 /* GroupsCell.swift in Sources */,
				0C9858DE280D9B3800F48B54 /* NewsfeedPhotoCell.swift in Sources */,
				0CEE7A6E27F397C00097F3C0 /* GroupsController.swift in Sources */,
				0CEE7A4E27F3475D0097F3C0 /* AppDelegate.swift in Sources */,
				0C35C30A27F8B66B00173853 /* HeaderContentView.swift in Sources */,
				0C9CF421282DAD7100163F2B /* NewsfeedStruct.swift in Sources */,
				0C9CF41D282D050A00163F2B /* Networking.swift in Sources */,
				0C1D23C728060F9400FCF9DE /* LikesNetworkService.swift in Sources */,
				0C83EE142812F4DA00A3D688 /* FullScreenPhotoCell.swift in Sources */,
				0C83EE0528119CCB00A3D688 /* PhotosGetAllResult.swift in Sources */,
				0CEE7A6427F36F070097F3C0 /* TabBarController.swift in Sources */,
				0CEE7A6C27F396EE0097F3C0 /* FriendsController.swift in Sources */,
				0C9CF419282A858100163F2B /* FooterCell.swift in Sources */,
				0CEE7A7527F3A3240097F3C0 /* Identifiers.swift in Sources */,
				0CEE7A8B27F5CF4B0097F3C0 /* GroupsNetworkService.swift in Sources */,
				0CCD2AA7280F11B3009F61CA /* CGFloat + Extension.swift in Sources */,
				0C8D39D5280B7BC700C235FD /* Int + Extension.swift in Sources */,
				0C83EE122812F4BC00A3D688 /* FullScreenPhotoController.swift in Sources */,
				0C35C30027F8AD0000173853 /* ViewsContentView.swift in Sources */,
				0CCD2AAE280F1B01009F61CA /* GroupSearchController + Extension.swift in Sources */,
				0C7F080B2833AF99004F44BF /* PhotoTypeCases.swift in Sources */,
				0CEE7A8D27F607CC0097F3C0 /* FriendsNetworkService.swift in Sources */,
				0C83EE072811A16700A3D688 /* PhotosCell.swift in Sources */,
				0C8D39CF280B281800C235FD /* TextCell.swift in Sources */,
				0C35C30827F8AF0B00173853 /* FooterContentView.swift in Sources */,
				0CEE7A8927F5CE460097F3C0 /* GroupsGetResult.swift in Sources */,
				0C35C2F827F8942E00173853 /* NewsfeedNetworkService.swift in Sources */,
				0C35C2FA27F894CB00173853 /* NewsfeedGetResult.swift in Sources */,
				0CEE7A7927F45A2B0097F3C0 /* NewsfeedCell.swift in Sources */,
				0C35C2F627F8900E00173853 /* LikesControl.swift in Sources */,
				0CEE7A8F27F607DD0097F3C0 /* FriendsGetResult.swift in Sources */,
				0CEE7A5027F3475D0097F3C0 /* SceneDelegate.swift in Sources */,
				0C9CF42A282E9CBA00163F2B /* ReloadTableViewControllerOperation.swift in Sources */,
				0CEE7A9327F6440D0097F3C0 /* GroupsSearchResult.swift in Sources */,
			);
			runOnlyForDeploymentPostprocessing = 0;
		};
/* End PBXSourcesBuildPhase section */

/* Begin PBXVariantGroup section */
		0CEE7A5827F3475F0097F3C0 /* LaunchScreen.storyboard */ = {
			isa = PBXVariantGroup;
			children = (
				0CEE7A5927F3475F0097F3C0 /* Base */,
			);
			name = LaunchScreen.storyboard;
			sourceTree = "<group>";
		};
/* End PBXVariantGroup section */

/* Begin XCBuildConfiguration section */
		0CEE7A5C27F3475F0097F3C0 /* Debug */ = {
			isa = XCBuildConfiguration;
			buildSettings = {
				ALWAYS_SEARCH_USER_PATHS = NO;
				CLANG_ANALYZER_NONNULL = YES;
				CLANG_ANALYZER_NUMBER_OBJECT_CONVERSION = YES_AGGRESSIVE;
				CLANG_CXX_LANGUAGE_STANDARD = "gnu++17";
				CLANG_ENABLE_MODULES = YES;
				CLANG_ENABLE_OBJC_ARC = YES;
				CLANG_ENABLE_OBJC_WEAK = YES;
				CLANG_WARN_BLOCK_CAPTURE_AUTORELEASING = YES;
				CLANG_WARN_BOOL_CONVERSION = YES;
				CLANG_WARN_COMMA = YES;
				CLANG_WARN_CONSTANT_CONVERSION = YES;
				CLANG_WARN_DEPRECATED_OBJC_IMPLEMENTATIONS = YES;
				CLANG_WARN_DIRECT_OBJC_ISA_USAGE = YES_ERROR;
				CLANG_WARN_DOCUMENTATION_COMMENTS = YES;
				CLANG_WARN_EMPTY_BODY = YES;
				CLANG_WARN_ENUM_CONVERSION = YES;
				CLANG_WARN_INFINITE_RECURSION = YES;
				CLANG_WARN_INT_CONVERSION = YES;
				CLANG_WARN_NON_LITERAL_NULL_CONVERSION = YES;
				CLANG_WARN_OBJC_IMPLICIT_RETAIN_SELF = YES;
				CLANG_WARN_OBJC_LITERAL_CONVERSION = YES;
				CLANG_WARN_OBJC_ROOT_CLASS = YES_ERROR;
				CLANG_WARN_QUOTED_INCLUDE_IN_FRAMEWORK_HEADER = YES;
				CLANG_WARN_RANGE_LOOP_ANALYSIS = YES;
				CLANG_WARN_STRICT_PROTOTYPES = YES;
				CLANG_WARN_SUSPICIOUS_MOVE = YES;
				CLANG_WARN_UNGUARDED_AVAILABILITY = YES_AGGRESSIVE;
				CLANG_WARN_UNREACHABLE_CODE = YES;
				CLANG_WARN__DUPLICATE_METHOD_MATCH = YES;
				COPY_PHASE_STRIP = NO;
				DEBUG_INFORMATION_FORMAT = dwarf;
				ENABLE_STRICT_OBJC_MSGSEND = YES;
				ENABLE_TESTABILITY = YES;
				GCC_C_LANGUAGE_STANDARD = gnu11;
				GCC_DYNAMIC_NO_PIC = NO;
				GCC_NO_COMMON_BLOCKS = YES;
				GCC_OPTIMIZATION_LEVEL = 0;
				GCC_PREPROCESSOR_DEFINITIONS = (
					"DEBUG=1",
					"$(inherited)",
				);
				GCC_WARN_64_TO_32_BIT_CONVERSION = YES;
				GCC_WARN_ABOUT_RETURN_TYPE = YES_ERROR;
				GCC_WARN_UNDECLARED_SELECTOR = YES;
				GCC_WARN_UNINITIALIZED_AUTOS = YES_AGGRESSIVE;
				GCC_WARN_UNUSED_FUNCTION = YES;
				GCC_WARN_UNUSED_VARIABLE = YES;
				IPHONEOS_DEPLOYMENT_TARGET = 15.4;
				MTL_ENABLE_DEBUG_INFO = INCLUDE_SOURCE;
				MTL_FAST_MATH = YES;
				ONLY_ACTIVE_ARCH = YES;
				SDKROOT = iphoneos;
				SWIFT_ACTIVE_COMPILATION_CONDITIONS = DEBUG;
				SWIFT_OPTIMIZATION_LEVEL = "-Onone";
			};
			name = Debug;
		};
		0CEE7A5D27F3475F0097F3C0 /* Release */ = {
			isa = XCBuildConfiguration;
			buildSettings = {
				ALWAYS_SEARCH_USER_PATHS = NO;
				CLANG_ANALYZER_NONNULL = YES;
				CLANG_ANALYZER_NUMBER_OBJECT_CONVERSION = YES_AGGRESSIVE;
				CLANG_CXX_LANGUAGE_STANDARD = "gnu++17";
				CLANG_ENABLE_MODULES = YES;
				CLANG_ENABLE_OBJC_ARC = YES;
				CLANG_ENABLE_OBJC_WEAK = YES;
				CLANG_WARN_BLOCK_CAPTURE_AUTORELEASING = YES;
				CLANG_WARN_BOOL_CONVERSION = YES;
				CLANG_WARN_COMMA = YES;
				CLANG_WARN_CONSTANT_CONVERSION = YES;
				CLANG_WARN_DEPRECATED_OBJC_IMPLEMENTATIONS = YES;
				CLANG_WARN_DIRECT_OBJC_ISA_USAGE = YES_ERROR;
				CLANG_WARN_DOCUMENTATION_COMMENTS = YES;
				CLANG_WARN_EMPTY_BODY = YES;
				CLANG_WARN_ENUM_CONVERSION = YES;
				CLANG_WARN_INFINITE_RECURSION = YES;
				CLANG_WARN_INT_CONVERSION = YES;
				CLANG_WARN_NON_LITERAL_NULL_CONVERSION = YES;
				CLANG_WARN_OBJC_IMPLICIT_RETAIN_SELF = YES;
				CLANG_WARN_OBJC_LITERAL_CONVERSION = YES;
				CLANG_WARN_OBJC_ROOT_CLASS = YES_ERROR;
				CLANG_WARN_QUOTED_INCLUDE_IN_FRAMEWORK_HEADER = YES;
				CLANG_WARN_RANGE_LOOP_ANALYSIS = YES;
				CLANG_WARN_STRICT_PROTOTYPES = YES;
				CLANG_WARN_SUSPICIOUS_MOVE = YES;
				CLANG_WARN_UNGUARDED_AVAILABILITY = YES_AGGRESSIVE;
				CLANG_WARN_UNREACHABLE_CODE = YES;
				CLANG_WARN__DUPLICATE_METHOD_MATCH = YES;
				COPY_PHASE_STRIP = NO;
				DEBUG_INFORMATION_FORMAT = "dwarf-with-dsym";
				ENABLE_NS_ASSERTIONS = NO;
				ENABLE_STRICT_OBJC_MSGSEND = YES;
				GCC_C_LANGUAGE_STANDARD = gnu11;
				GCC_NO_COMMON_BLOCKS = YES;
				GCC_WARN_64_TO_32_BIT_CONVERSION = YES;
				GCC_WARN_ABOUT_RETURN_TYPE = YES_ERROR;
				GCC_WARN_UNDECLARED_SELECTOR = YES;
				GCC_WARN_UNINITIALIZED_AUTOS = YES_AGGRESSIVE;
				GCC_WARN_UNUSED_FUNCTION = YES;
				GCC_WARN_UNUSED_VARIABLE = YES;
				IPHONEOS_DEPLOYMENT_TARGET = 15.4;
				MTL_ENABLE_DEBUG_INFO = NO;
				MTL_FAST_MATH = YES;
				SDKROOT = iphoneos;
				SWIFT_COMPILATION_MODE = wholemodule;
				SWIFT_OPTIMIZATION_LEVEL = "-O";
				VALIDATE_PRODUCT = YES;
			};
			name = Release;
		};
		0CEE7A5F27F3475F0097F3C0 /* Debug */ = {
			isa = XCBuildConfiguration;
			buildSettings = {
				ASSETCATALOG_COMPILER_APPICON_NAME = AppIcon;
				ASSETCATALOG_COMPILER_GLOBAL_ACCENT_COLOR_NAME = AccentColor;
				CODE_SIGN_STYLE = Automatic;
				CURRENT_PROJECT_VERSION = 1;
				DEVELOPMENT_TEAM = QDAGX7ZH88;
				GENERATE_INFOPLIST_FILE = YES;
				INFOPLIST_FILE = "VK App/Resources/Info.plist";
				INFOPLIST_KEY_UIApplicationSupportsIndirectInputEvents = YES;
				INFOPLIST_KEY_UILaunchStoryboardName = LaunchScreen;
				INFOPLIST_KEY_UISupportedInterfaceOrientations_iPad = "UIInterfaceOrientationPortrait UIInterfaceOrientationPortraitUpsideDown UIInterfaceOrientationLandscapeLeft UIInterfaceOrientationLandscapeRight";
				INFOPLIST_KEY_UISupportedInterfaceOrientations_iPhone = "UIInterfaceOrientationPortrait UIInterfaceOrientationLandscapeLeft UIInterfaceOrientationLandscapeRight";
				LD_RUNPATH_SEARCH_PATHS = (
					"$(inherited)",
					"@executable_path/Frameworks",
				);
				MARKETING_VERSION = 1.0;
				PRODUCT_BUNDLE_IDENTIFIER = "com.miqaelmartirosyan.VK-App";
				PRODUCT_NAME = "$(TARGET_NAME)";
				SWIFT_EMIT_LOC_STRINGS = YES;
				SWIFT_VERSION = 5.0;
				TARGETED_DEVICE_FAMILY = 1;
			};
			name = Debug;
		};
		0CEE7A6027F3475F0097F3C0 /* Release */ = {
			isa = XCBuildConfiguration;
			buildSettings = {
				ASSETCATALOG_COMPILER_APPICON_NAME = AppIcon;
				ASSETCATALOG_COMPILER_GLOBAL_ACCENT_COLOR_NAME = AccentColor;
				CODE_SIGN_STYLE = Automatic;
				CURRENT_PROJECT_VERSION = 1;
				DEVELOPMENT_TEAM = QDAGX7ZH88;
				GENERATE_INFOPLIST_FILE = YES;
				INFOPLIST_FILE = "VK App/Resources/Info.plist";
				INFOPLIST_KEY_UIApplicationSupportsIndirectInputEvents = YES;
				INFOPLIST_KEY_UILaunchStoryboardName = LaunchScreen;
				INFOPLIST_KEY_UISupportedInterfaceOrientations_iPad = "UIInterfaceOrientationPortrait UIInterfaceOrientationPortraitUpsideDown UIInterfaceOrientationLandscapeLeft UIInterfaceOrientationLandscapeRight";
				INFOPLIST_KEY_UISupportedInterfaceOrientations_iPhone = "UIInterfaceOrientationPortrait UIInterfaceOrientationLandscapeLeft UIInterfaceOrientationLandscapeRight";
				LD_RUNPATH_SEARCH_PATHS = (
					"$(inherited)",
					"@executable_path/Frameworks",
				);
				MARKETING_VERSION = 1.0;
				PRODUCT_BUNDLE_IDENTIFIER = "com.miqaelmartirosyan.VK-App";
				PRODUCT_NAME = "$(TARGET_NAME)";
				SWIFT_EMIT_LOC_STRINGS = YES;
				SWIFT_VERSION = 5.0;
				TARGETED_DEVICE_FAMILY = 1;
			};
			name = Release;
		};
/* End XCBuildConfiguration section */

/* Begin XCConfigurationList section */
		0CEE7A4527F3475D0097F3C0 /* Build configuration list for PBXProject "VK App" */ = {
			isa = XCConfigurationList;
			buildConfigurations = (
				0CEE7A5C27F3475F0097F3C0 /* Debug */,
				0CEE7A5D27F3475F0097F3C0 /* Release */,
			);
			defaultConfigurationIsVisible = 0;
			defaultConfigurationName = Release;
		};
		0CEE7A5E27F3475F0097F3C0 /* Build configuration list for PBXNativeTarget "VK App" */ = {
			isa = XCConfigurationList;
			buildConfigurations = (
				0CEE7A5F27F3475F0097F3C0 /* Debug */,
				0CEE7A6027F3475F0097F3C0 /* Release */,
			);
			defaultConfigurationIsVisible = 0;
			defaultConfigurationName = Release;
		};
/* End XCConfigurationList section */

/* Begin XCRemoteSwiftPackageReference section */
		0C7F08042832752E004F44BF /* XCRemoteSwiftPackageReference "PromiseKit" */ = {
			isa = XCRemoteSwiftPackageReference;
			repositoryURL = "https://github.com/mxcl/PromiseKit";
			requirement = {
				kind = upToNextMajorVersion;
				minimumVersion = 6.0.0;
			};
		};
		0C7F08072832C227004F44BF /* XCRemoteSwiftPackageReference "SDWebImage" */ = {
			isa = XCRemoteSwiftPackageReference;
			repositoryURL = "https://github.com/SDWebImage/SDWebImage";
			requirement = {
				kind = upToNextMajorVersion;
				minimumVersion = 5.0.0;
			};
		};
/* End XCRemoteSwiftPackageReference section */

/* Begin XCSwiftPackageProductDependency section */
		0C7F08052832752E004F44BF /* PromiseKit */ = {
			isa = XCSwiftPackageProductDependency;
			package = 0C7F08042832752E004F44BF /* XCRemoteSwiftPackageReference "PromiseKit" */;
			productName = PromiseKit;
		};
		0C7F08082832C227004F44BF /* SDWebImage */ = {
			isa = XCSwiftPackageProductDependency;
			package = 0C7F08072832C227004F44BF /* XCRemoteSwiftPackageReference "SDWebImage" */;
			productName = SDWebImage;
		};
/* End XCSwiftPackageProductDependency section */
	};
	rootObject = 0CEE7A4227F3475D0097F3C0 /* Project object */;
}
